
Microsoft Visual Studio Solution File, Format Version 12.00
# Visual Studio Version 16
VisualStudioVersion = 16.0.31205.134
MinimumVisualStudioVersion = 10.0.40219.1
Project("{FAE04EC0-301F-11D3-BF4B-00C04F79EFBC}") = "GITConsoleApp", "GITConsoleApp\GITConsoleApp.csproj", "{39FE60A8-E565-42F4-92EA-2F8AA6424EDB}"
EndProject
Global
	GlobalSection(SolutionConfigurationPlatforms) = preSolution
		Debug|Any CPU = Debug|Any CPU
		Release|Any CPU = Release|Any CPU
	EndGlobalSection
	GlobalSection(ProjectConfigurationPlatforms) = postSolution
		{39FE60A8-E565-42F4-92EA-2F8AA6424EDB}.Debug|Any CPU.ActiveCfg = Debug|Any CPU
		{39FE60A8-E565-42F4-92EA-2F8AA6424EDB}.Debug|Any CPU.Build.0 = Debug|Any CPU
		{39FE60A8-E565-42F4-92EA-2F8AA6424EDB}.Release|Any CPU.ActiveCfg = Release|Any CPU
		{39FE60A8-E565-42F4-92EA-2F8AA6424EDB}.Release|Any CPU.Build.0 = Release|Any CPU
	EndGlobalSection
	GlobalSection(SolutionProperties) = preSolution
		HideSolutionNode = FALSE
	EndGlobalSection
	GlobalSection(ExtensibilityGlobals) = postSolution
		SolutionGuid = {C037198D-BADE-4767-BB85-FB23554B4320}
	EndGlobalSection
EndGlobal
